{
  "object": {
    "pins": [
      {
        "package": "SwiftUIProgressiveOnboard",
        "repositoryURL": "https://github.com/muhammedtanriverdi/SwiftUIProgressiveOnboard.git",
        "state": {
          "branch": null,
          "revision": "43a879f76f29e6678186f78ea0528c6900e017bd",
          "version": "1.0.0"
        }
      }
    ]
  },
  "version": 1
}
