{
  "object": {
    "pins": [
      {
        "package": "SwiftUIProgressiveOnboard",
        "repositoryURL": "https://github.com/muhammedtanriverdi/SwiftUIProgressiveOnboard.git",
        "state": {
          "branch": null,
          "revision": "f159ab5326353ed9cc62b81983efd22d39699a68",
          "version": "0.0.2"
        }
      }
    ]
  },
  "version": 1
}
